
Microsoft Visual Studio Solution File, Format Version 12.00
# Visual Studio Version 16
VisualStudioVersion = 16.0.31729.503
MinimumVisualStudioVersion = 10.0.40219.1
Project("{FAE04EC0-301F-11D3-BF4B-00C04F79EFBC}") = "CS_DZ_3", "CS_DZ_3\CS_DZ_3.csproj", "{A44034D2-1479-4F8B-AA68-A53394CF4B3F}"
EndProject
Global
	GlobalSection(SolutionConfigurationPlatforms) = preSolution
		Debug|Any CPU = Debug|Any CPU
		Release|Any CPU = Release|Any CPU
	EndGlobalSection
	GlobalSection(ProjectConfigurationPlatforms) = postSolution
		{A44034D2-1479-4F8B-AA68-A53394CF4B3F}.Debug|Any CPU.ActiveCfg = Debug|Any CPU
		{A44034D2-1479-4F8B-AA68-A53394CF4B3F}.Debug|Any CPU.Build.0 = Debug|Any CPU
		{A44034D2-1479-4F8B-AA68-A53394CF4B3F}.Release|Any CPU.ActiveCfg = Release|Any CPU
		{A44034D2-1479-4F8B-AA68-A53394CF4B3F}.Release|Any CPU.Build.0 = Release|Any CPU
	EndGlobalSection
	GlobalSection(SolutionProperties) = preSolution
		HideSolutionNode = FALSE
	EndGlobalSection
	GlobalSection(ExtensibilityGlobals) = postSolution
		SolutionGuid = {B9958540-A7E1-4003-9CF6-421B36CFE503}
	EndGlobalSection
EndGlobal
